
Microsoft Visual Studio Solution File, Format Version 12.00
# Visual Studio Version 17
VisualStudioVersion = 17.11.35431.28
MinimumVisualStudioVersion = 10.0.40219.1
Project("{FAE04EC0-301F-11D3-BF4B-00C04F79EFBC}") = "tumakov", "tumakov\tumakov.csproj", "{0F176815-1930-4BBC-BD06-81012E016C67}"
EndProject
Global
	GlobalSection(SolutionConfigurationPlatforms) = preSolution
		Debug|Any CPU = Debug|Any CPU
		Release|Any CPU = Release|Any CPU
	EndGlobalSection
	GlobalSection(ProjectConfigurationPlatforms) = postSolution
		{0F176815-1930-4BBC-BD06-81012E016C67}.Debug|Any CPU.ActiveCfg = Debug|Any CPU
		{0F176815-1930-4BBC-BD06-81012E016C67}.Debug|Any CPU.Build.0 = Debug|Any CPU
		{0F176815-1930-4BBC-BD06-81012E016C67}.Release|Any CPU.ActiveCfg = Release|Any CPU
		{0F176815-1930-4BBC-BD06-81012E016C67}.Release|Any CPU.Build.0 = Release|Any CPU
	EndGlobalSection
	GlobalSection(SolutionProperties) = preSolution
		HideSolutionNode = FALSE
	EndGlobalSection
	GlobalSection(ExtensibilityGlobals) = postSolution
		SolutionGuid = {39988660-8188-4EBD-BD58-050AFA79F537}
	EndGlobalSection
EndGlobal
